
Microsoft Visual Studio Solution File, Format Version 12.00
# Visual Studio Version 17
VisualStudioVersion = 17.2.32519.379
MinimumVisualStudioVersion = 10.0.40219.1
Project("{9A19103F-16F7-4668-BE54-9A1E7A4F7556}") = "GetOAuthTokenPOC", "GetOAuthTokenPOC.csproj", "{2ADF22B4-9BEC-4290-97D6-97AA9EFF2900}"
EndProject
Global
	GlobalSection(SolutionConfigurationPlatforms) = preSolution
		Debug|Any CPU = Debug|Any CPU
		Release|Any CPU = Release|Any CPU
	EndGlobalSection
	GlobalSection(ProjectConfigurationPlatforms) = postSolution
		{2ADF22B4-9BEC-4290-97D6-97AA9EFF2900}.Debug|Any CPU.ActiveCfg = Debug|Any CPU
		{2ADF22B4-9BEC-4290-97D6-97AA9EFF2900}.Debug|Any CPU.Build.0 = Debug|Any CPU
		{2ADF22B4-9BEC-4290-97D6-97AA9EFF2900}.Release|Any CPU.ActiveCfg = Release|Any CPU
		{2ADF22B4-9BEC-4290-97D6-97AA9EFF2900}.Release|Any CPU.Build.0 = Release|Any CPU
	EndGlobalSection
	GlobalSection(SolutionProperties) = preSolution
		HideSolutionNode = FALSE
	EndGlobalSection
	GlobalSection(ExtensibilityGlobals) = postSolution
		SolutionGuid = {000D5685-B8B9-4D71-9F24-B41E595DF843}
	EndGlobalSection
EndGlobal
